
Microsoft Visual Studio Solution File, Format Version 12.00
# Visual Studio Version 17
VisualStudioVersion = 17.10.35027.167
MinimumVisualStudioVersion = 10.0.40219.1
Project("{9A19103F-16F7-4668-BE54-9A1E7A4F7556}") = "SNF", "SNF\SNF.csproj", "{51099C8C-B1AD-4C92-9BB3-469D90538842}"
EndProject
Project("{9A19103F-16F7-4668-BE54-9A1E7A4F7556}") = "SNF.Tests", "SNF.Tests\SNF.Tests.csproj", "{A7F57309-880F-409C-BA92-8D94680EFEE6}"
EndProject
Project("{9A19103F-16F7-4668-BE54-9A1E7A4F7556}") = "SNF.MonoGame", "SNF.MonoGame\SNF.MonoGame.csproj", "{769570D2-2A59-4493-93DB-2A1E9FECED17}"
EndProject
Project("{FAE04EC0-301F-11D3-BF4B-00C04F79EFBC}") = "SNF.Benchmark", "SNF.Benchmark\SNF.Benchmark.csproj", "{F39414BF-18CC-4B71-A5E6-CECA0A39B466}"
EndProject
Global
	GlobalSection(SolutionConfigurationPlatforms) = preSolution
		Debug|Any CPU = Debug|Any CPU
		Release|Any CPU = Release|Any CPU
	EndGlobalSection
	GlobalSection(ProjectConfigurationPlatforms) = postSolution
		{51099C8C-B1AD-4C92-9BB3-469D90538842}.Debug|Any CPU.ActiveCfg = Debug|Any CPU
		{51099C8C-B1AD-4C92-9BB3-469D90538842}.Debug|Any CPU.Build.0 = Debug|Any CPU
		{51099C8C-B1AD-4C92-9BB3-469D90538842}.Release|Any CPU.ActiveCfg = Release|Any CPU
		{51099C8C-B1AD-4C92-9BB3-469D90538842}.Release|Any CPU.Build.0 = Release|Any CPU
		{A7F57309-880F-409C-BA92-8D94680EFEE6}.Debug|Any CPU.ActiveCfg = Debug|Any CPU
		{A7F57309-880F-409C-BA92-8D94680EFEE6}.Debug|Any CPU.Build.0 = Debug|Any CPU
		{A7F57309-880F-409C-BA92-8D94680EFEE6}.Release|Any CPU.ActiveCfg = Release|Any CPU
		{A7F57309-880F-409C-BA92-8D94680EFEE6}.Release|Any CPU.Build.0 = Release|Any CPU
		{769570D2-2A59-4493-93DB-2A1E9FECED17}.Debug|Any CPU.ActiveCfg = Debug|Any CPU
		{769570D2-2A59-4493-93DB-2A1E9FECED17}.Debug|Any CPU.Build.0 = Debug|Any CPU
		{769570D2-2A59-4493-93DB-2A1E9FECED17}.Release|Any CPU.ActiveCfg = Release|Any CPU
		{769570D2-2A59-4493-93DB-2A1E9FECED17}.Release|Any CPU.Build.0 = Release|Any CPU
		{F39414BF-18CC-4B71-A5E6-CECA0A39B466}.Debug|Any CPU.ActiveCfg = Debug|Any CPU
		{F39414BF-18CC-4B71-A5E6-CECA0A39B466}.Debug|Any CPU.Build.0 = Debug|Any CPU
		{F39414BF-18CC-4B71-A5E6-CECA0A39B466}.Release|Any CPU.ActiveCfg = Release|Any CPU
		{F39414BF-18CC-4B71-A5E6-CECA0A39B466}.Release|Any CPU.Build.0 = Release|Any CPU
	EndGlobalSection
	GlobalSection(SolutionProperties) = preSolution
		HideSolutionNode = FALSE
	EndGlobalSection
	GlobalSection(ExtensibilityGlobals) = postSolution
		SolutionGuid = {CDA5E330-EDA6-4F0C-AB79-1F7831FDBCF8}
	EndGlobalSection
EndGlobal
